
Microsoft Visual Studio Solution File, Format Version 12.00
# Visual Studio Version 17
VisualStudioVersion = 17.13.35825.156 d17.13
MinimumVisualStudioVersion = 10.0.40219.1
Project("{FAE04EC0-301F-11D3-BF4B-00C04F79EFBC}") = "ViewGenerator.Common", "ViewGenerator.Common\ViewGenerator.Common.csproj", "{2E340C4F-68DF-6781-5A75-C268E6C21D5B}"
EndProject
Project("{FAE04EC0-301F-11D3-BF4B-00C04F79EFBC}") = "ViewGenerator.Engine", "ViewGenerator.Engine\ViewGenerator.Engine.csproj", "{147532E2-AA8C-4D4A-A90D-AB548D47A29C}"
EndProject
Project("{FAE04EC0-301F-11D3-BF4B-00C04F79EFBC}") = "ViewGenerator.Test", "ViewGenerator.Test\ViewGenerator.Test.csproj", "{A5F40F16-8845-44AA-A6DB-58597B7A4169}"
EndProject
Project("{FAE04EC0-301F-11D3-BF4B-00C04F79EFBC}") = "ViewGenerator.App", "ViewGenerator.App\ViewGenerator.App.csproj", "{6DC64E8F-BD32-4633-8287-51C61D05E721}"
EndProject
Global
	GlobalSection(SolutionConfigurationPlatforms) = preSolution
		Debug|Any CPU = Debug|Any CPU
		Release|Any CPU = Release|Any CPU
	EndGlobalSection
	GlobalSection(ProjectConfigurationPlatforms) = postSolution
		{2E340C4F-68DF-6781-5A75-C268E6C21D5B}.Debug|Any CPU.ActiveCfg = Debug|Any CPU
		{2E340C4F-68DF-6781-5A75-C268E6C21D5B}.Debug|Any CPU.Build.0 = Debug|Any CPU
		{2E340C4F-68DF-6781-5A75-C268E6C21D5B}.Release|Any CPU.ActiveCfg = Release|Any CPU
		{2E340C4F-68DF-6781-5A75-C268E6C21D5B}.Release|Any CPU.Build.0 = Release|Any CPU
		{147532E2-AA8C-4D4A-A90D-AB548D47A29C}.Debug|Any CPU.ActiveCfg = Debug|Any CPU
		{147532E2-AA8C-4D4A-A90D-AB548D47A29C}.Debug|Any CPU.Build.0 = Debug|Any CPU
		{147532E2-AA8C-4D4A-A90D-AB548D47A29C}.Release|Any CPU.ActiveCfg = Release|Any CPU
		{147532E2-AA8C-4D4A-A90D-AB548D47A29C}.Release|Any CPU.Build.0 = Release|Any CPU
		{A5F40F16-8845-44AA-A6DB-58597B7A4169}.Debug|Any CPU.ActiveCfg = Debug|Any CPU
		{A5F40F16-8845-44AA-A6DB-58597B7A4169}.Debug|Any CPU.Build.0 = Debug|Any CPU
		{A5F40F16-8845-44AA-A6DB-58597B7A4169}.Release|Any CPU.ActiveCfg = Release|Any CPU
		{A5F40F16-8845-44AA-A6DB-58597B7A4169}.Release|Any CPU.Build.0 = Release|Any CPU
		{6DC64E8F-BD32-4633-8287-51C61D05E721}.Debug|Any CPU.ActiveCfg = Debug|Any CPU
		{6DC64E8F-BD32-4633-8287-51C61D05E721}.Debug|Any CPU.Build.0 = Debug|Any CPU
		{6DC64E8F-BD32-4633-8287-51C61D05E721}.Release|Any CPU.ActiveCfg = Release|Any CPU
		{6DC64E8F-BD32-4633-8287-51C61D05E721}.Release|Any CPU.Build.0 = Release|Any CPU
	EndGlobalSection
	GlobalSection(SolutionProperties) = preSolution
		HideSolutionNode = FALSE
	EndGlobalSection
	GlobalSection(ExtensibilityGlobals) = postSolution
		SolutionGuid = {143D3BA9-E587-4AF2-9CB6-501061E2916B}
	EndGlobalSection
EndGlobal
